
Microsoft Visual Studio Solution File, Format Version 12.00
# Visual Studio Version 17
VisualStudioVersion = 17.10.35027.167
MinimumVisualStudioVersion = 10.0.40219.1
Project("{FAE04EC0-301F-11D3-BF4B-00C04F79EFBC}") = "edson", "edson.csproj", "{67F1CFE3-F975-4223-A702-C658E2A27847}"
EndProject
Global
	GlobalSection(SolutionConfigurationPlatforms) = preSolution
		Debug|Any CPU = Debug|Any CPU
		Release|Any CPU = Release|Any CPU
	EndGlobalSection
	GlobalSection(ProjectConfigurationPlatforms) = postSolution
		{67F1CFE3-F975-4223-A702-C658E2A27847}.Debug|Any CPU.ActiveCfg = Debug|Any CPU
		{67F1CFE3-F975-4223-A702-C658E2A27847}.Debug|Any CPU.Build.0 = Debug|Any CPU
		{67F1CFE3-F975-4223-A702-C658E2A27847}.Release|Any CPU.ActiveCfg = Release|Any CPU
		{67F1CFE3-F975-4223-A702-C658E2A27847}.Release|Any CPU.Build.0 = Release|Any CPU
	EndGlobalSection
	GlobalSection(SolutionProperties) = preSolution
		HideSolutionNode = FALSE
	EndGlobalSection
	GlobalSection(ExtensibilityGlobals) = postSolution
		SolutionGuid = {7FF52347-07AA-4F65-91B3-BB35600B0402}
	EndGlobalSection
EndGlobal
